// !$*UTF8*$!
{
	archiveVersion = 1;
	classes = {
	};
	objectVersion = 46;
	objects = {

/* Begin PBXBuildFile section */
		211652E91B1F155B0061C369 /* AppDelegate.swift in Sources */ = {isa = PBXBuildFile; fileRef = 211652E81B1F155B0061C369 /* AppDelegate.swift */; };
		211652EB1B1F155B0061C369 /* ViewController.swift in Sources */ = {isa = PBXBuildFile; fileRef = 211652EA1B1F155B0061C369 /* ViewController.swift */; };
		211652ED1B1F155B0061C369 /* Images.xcassets in Resources */ = {isa = PBXBuildFile; fileRef = 211652EC1B1F155B0061C369 /* Images.xcassets */; };
		211652F01B1F155B0061C369 /* Main.storyboard in Resources */ = {isa = PBXBuildFile; fileRef = 211652EE1B1F155B0061C369 /* Main.storyboard */; };
		211652FC1B1F155B0061C369 /* HyperPasswordCreatorTests.swift in Sources */ = {isa = PBXBuildFile; fileRef = 211652FB1B1F155B0061C369 /* HyperPasswordCreatorTests.swift */; };
/* End PBXBuildFile section */

/* Begin PBXContainerItemProxy section */
		211652F61B1F155B0061C369 /* PBXContainerItemProxy */ = {
			isa = PBXContainerItemProxy;
			containerPortal = 211652DB1B1F155B0061C369 /* Project object */;
			proxyType = 1;
			remoteGlobalIDString = 211652E21B1F155B0061C369;
			remoteInfo = HyperPasswordCreator;
		};
/* End PBXContainerItemProxy section */

/* Begin PBXFileReference section */
		211652E31B1F155B0061C369 /* HyperPasswordCreator.app */ = {isa = PBXFileReference; explicitFileType = wrapper.application; includeInIndex = 0; path = HyperPasswordCreator.app; sourceTree = BUILT_PRODUCTS_DIR; };
		211652E71B1F155B0061C369 /* Info.plist */ = {isa = PBXFileReference; lastKnownFileType = text.plist.xml; path = Info.plist; sourceTree = "<group>"; };
		211652E81B1F155B0061C369 /* AppDelegate.swift */ = {isa = PBXFileReference; lastKnownFileType = sourcecode.swift; path = AppDelegate.swift; sourceTree = "<group>"; };
		211652EA1B1F155B0061C369 /* ViewController.swift */ = {isa = PBXFileReference; lastKnownFileType = sourcecode.swift; path = ViewController.swift; sourceTree = "<group>"; };
		211652EC1B1F155B0061C369 /* Images.xcassets */ = {isa = PBXFileReference; lastKnownFileType = folder.assetcatalog; path = Images.xcassets; sourceTree = "<group>"; };
		211652EF1B1F155B0061C369 /* Base */ = {isa = PBXFileReference; lastKnownFileType = file.storyboard; name = Base; path = Base.lproj/Main.storyboard; sourceTree = "<group>"; };
		211652F51B1F155B0061C369 /* HyperPasswordCreatorTests.xctest */ = {isa = PBXFileReference; explicitFileType = wrapper.cfbundle; includeInIndex = 0; path = HyperPasswordCreatorTests.xctest; sourceTree = BUILT_PRODUCTS_DIR; };
		211652FA1B1F155B0061C369 /* Info.plist */ = {isa = PBXFileReference; lastKnownFileType = text.plist.xml; path = Info.plist; sourceTree = "<group>"; };
		211652FB1B1F155B0061C369 /* HyperPasswordCreatorTests.swift */ = {isa = PBXFileReference; lastKnownFileType = sourcecode.swift; path = HyperPasswordCreatorTests.swift; sourceTree = "<group>"; };
/* End PBXFileReference section */

/* Begin PBXFrameworksBuildPhase section */
		211652E01B1F155B0061C369 /* Frameworks */ = {
			isa = PBXFrameworksBuildPhase;
			buildActionMask = 2147483647;
			files = (
			);
			runOnlyForDeploymentPostprocessing = 0;
		};
		211652F21B1F155B0061C369 /* Frameworks */ = {
			isa = PBXFrameworksBuildPhase;
			buildActionMask = 2147483647;
			files = (
			);
			runOnlyForDeploymentPostprocessing = 0;
		};
/* End PBXFrameworksBuildPhase section */

/* Begin PBXGroup section */
		211652DA1B1F155B0061C369 = {
			isa = PBXGroup;
			children = (
				211652E51B1F155B0061C369 /* HyperPasswordCreator */,
				211652F81B1F155B0061C369 /* HyperPasswordCreatorTests */,
				211652E41B1F155B0061C369 /* Products */,
			);
			sourceTree = "<group>";
		};
		211652E41B1F155B0061C369 /* Products */ = {
			isa = PBXGroup;
			children = (
				211652E31B1F155B0061C369 /* HyperPasswordCreator.app */,
				211652F51B1F155B0061C369 /* HyperPasswordCreatorTests.xctest */,
			);
			name = Products;
			sourceTree = "<group>";
		};
		211652E51B1F155B0061C369 /* HyperPasswordCreator */ = {
			isa = PBXGroup;
			children = (
				211652E81B1F155B0061C369 /* AppDelegate.swift */,
				211652EA1B1F155B0061C369 /* ViewController.swift */,
				211652EC1B1F155B0061C369 /* Images.xcassets */,
				211652EE1B1F155B0061C369 /* Main.storyboard */,
				211652E61B1F155B0061C369 /* Supporting Files */,
			);
			path = HyperPasswordCreator;
			sourceTree = "<group>";
		};
		211652E61B1F155B0061C369 /* Supporting Files */ = {
			isa = PBXGroup;
			children = (
				211652E71B1F155B0061C369 /* Info.plist */,
			);
			name = "Supporting Files";
			sourceTree = "<group>";
		};
		211652F81B1F155B0061C369 /* HyperPasswordCreatorTests */ = {
			isa = PBXGroup;
			children = (
				211652FB1B1F155B0061C369 /* HyperPasswordCreatorTests.swift */,
				211652F91B1F155B0061C369 /* Supporting Files */,
			);
			path = HyperPasswordCreatorTests;
			sourceTree = "<group>";
		};
		211652F91B1F155B0061C369 /* Supporting Files */ = {
			isa = PBXGroup;
			children = (
				211652FA1B1F155B0061C369 /* Info.plist */,
			);
			name = "Supporting Files";
			sourceTree = "<group>";
		};
/* End PBXGroup section */

/* Begin PBXNativeTarget section */
		211652E21B1F155B0061C369 /* HyperPasswordCreator */ = {
			isa = PBXNativeTarget;
			buildConfigurationList = 211652FF1B1F155B0061C369 /* Build configuration list for PBXNativeTarget "HyperPasswordCreator" */;
			buildPhases = (
				211652DF1B1F155B0061C369 /* Sources */,
				211652E01B1F155B0061C369 /* Frameworks */,
				211652E11B1F155B0061C369 /* Resources */,
			);
			buildRules = (
			);
			dependencies = (
			);
			name = HyperPasswordCreator;
			productName = HyperPasswordCreator;
			productReference = 211652E31B1F155B0061C369 /* HyperPasswordCreator.app */;
			productType = "com.apple.product-type.application";
		};
		211652F41B1F155B0061C369 /* HyperPasswordCreatorTests */ = {
			isa = PBXNativeTarget;
			buildConfigurationList = 211653021B1F155B0061C369 /* Build configuration list for PBXNativeTarget "HyperPasswordCreatorTests" */;
			buildPhases = (
				211652F11B1F155B0061C369 /* Sources */,
				211652F21B1F155B0061C369 /* Frameworks */,
				211652F31B1F155B0061C369 /* Resources */,
			);
			buildRules = (
			);
			dependencies = (
				211652F71B1F155B0061C369 /* PBXTargetDependency */,
			);
			name = HyperPasswordCreatorTests;
			productName = HyperPasswordCreatorTests;
			productReference = 211652F51B1F155B0061C369 /* HyperPasswordCreatorTests.xctest */;
			productType = "com.apple.product-type.bundle.unit-test";
		};
/* End PBXNativeTarget section */

/* Begin PBXProject section */
		211652DB1B1F155B0061C369 /* Project object */ = {
			isa = PBXProject;
			attributes = {
				LastUpgradeCheck = 0630;
				ORGANIZATIONNAME = "mo-fu.org";
				TargetAttributes = {
					211652E21B1F155B0061C369 = {
						CreatedOnToolsVersion = 6.3.2;
					};
					211652F41B1F155B0061C369 = {
						CreatedOnToolsVersion = 6.3.2;
						TestTargetID = 211652E21B1F155B0061C369;
					};
				};
			};
			buildConfigurationList = 211652DE1B1F155B0061C369 /* Build configuration list for PBXProject "HyperPasswordCreator" */;
			compatibilityVersion = "Xcode 3.2";
			developmentRegion = English;
			hasScannedForEncodings = 0;
			knownRegions = (
				en,
				Base,
			);
			mainGroup = 211652DA1B1F155B0061C369;
			productRefGroup = 211652E41B1F155B0061C369 /* Products */;
			projectDirPath = "";
			projectRoot = "";
			targets = (
				211652E21B1F155B0061C369 /* HyperPasswordCreator */,
				211652F41B1F155B0061C369 /* HyperPasswordCreatorTests */,
			);
		};
/* End PBXProject section */

/* Begin PBXResourcesBuildPhase section */
		211652E11B1F155B0061C369 /* Resources */ = {
			isa = PBXResourcesBuildPhase;
			buildActionMask = 2147483647;
			files = (
				211652ED1B1F155B0061C369 /* Images.xcassets in Resources */,
				211652F01B1F155B0061C369 /* Main.storyboard in Resources */,
			);
			runOnlyForDeploymentPostprocessing = 0;
		};
		211652F31B1F155B0061C369 /* Resources */ = {
			isa = PBXResourcesBuildPhase;
			buildActionMask = 2147483647;
			files = (
			);
			runOnlyForDeploymentPostprocessing = 0;
		};
/* End PBXResourcesBuildPhase section */

/* Begin PBXSourcesBuildPhase section */
		211652DF1B1F155B0061C369 /* Sources */ = {
			isa = PBXSourcesBuildPhase;
			buildActionMask = 2147483647;
			files = (
				211652EB1B1F155B0061C369 /* ViewController.swift in Sources */,
				211652E91B1F155B0061C369 /* AppDelegate.swift in Sources */,
			);
			runOnlyForDeploymentPostprocessing = 0;
		};
		211652F11B1F155B0061C369 /* Sources */ = {
			isa = PBXSourcesBuildPhase;
			buildActionMask = 2147483647;
			files = (
				211652FC1B1F155B0061C369 /* HyperPasswordCreatorTests.swift in Sources */,
			);
			runOnlyForDeploymentPostprocessing = 0;
		};
/* End PBXSourcesBuildPhase section */

/* Begin PBXTargetDependency section */
		211652F71B1F155B0061C369 /* PBXTargetDependency */ = {
			isa = PBXTargetDependency;
			target = 211652E21B1F155B0061C369 /* HyperPasswordCreator */;
			targetProxy = 211652F61B1F155B0061C369 /* PBXContainerItemProxy */;
		};
/* End PBXTargetDependency section */

/* Begin PBXVariantGroup section */
		211652EE1B1F155B0061C369 /* Main.storyboard */ = {
			isa = PBXVariantGroup;
			children = (
				211652EF1B1F155B0061C369 /* Base */,
			);
			name = Main.storyboard;
			sourceTree = "<group>";
		};
/* End PBXVariantGroup section */

/* Begin XCBuildConfiguration section */
		211652FD1B1F155B0061C369 /* Debug */ = {
			isa = XCBuildConfiguration;
			buildSettings = {
				ALWAYS_SEARCH_USER_PATHS = NO;
				CLANG_CXX_LANGUAGE_STANDARD = "gnu++0x";
				CLANG_CXX_LIBRARY = "libc++";
				CLANG_ENABLE_MODULES = YES;
				CLANG_ENABLE_OBJC_ARC = YES;
				CLANG_WARN_BOOL_CONVERSION = YES;
				CLANG_WARN_CONSTANT_CONVERSION = YES;
				CLANG_WARN_DIRECT_OBJC_ISA_USAGE = YES_ERROR;
				CLANG_WARN_EMPTY_BODY = YES;
				CLANG_WARN_ENUM_CONVERSION = YES;
				CLANG_WARN_INT_CONVERSION = YES;
				CLANG_WARN_OBJC_ROOT_CLASS = YES_ERROR;
				CLANG_WARN_UNREACHABLE_CODE = YES;
				CLANG_WARN__DUPLICATE_METHOD_MATCH = YES;
				CODE_SIGN_IDENTITY = "-";
				COPY_PHASE_STRIP = NO;
				DEBUG_INFORMATION_FORMAT = dwarf;
				ENABLE_STRICT_OBJC_MSGSEND = YES;
				GCC_C_LANGUAGE_STANDARD = gnu99;
				GCC_DYNAMIC_NO_PIC = NO;
				GCC_NO_COMMON_BLOCKS = YES;
				GCC_OPTIMIZATION_LEVEL = 0;
				GCC_PREPROCESSOR_DEFINITIONS = (
					"DEBUG=1",
					"$(inherited)",
				);
				GCC_SYMBOLS_PRIVATE_EXTERN = NO;
				GCC_WARN_64_TO_32_BIT_CONVERSION = YES;
				GCC_WARN_ABOUT_RETURN_TYPE = YES_ERROR;
				GCC_WARN_UNDECLARED_SELECTOR = YES;
				GCC_WARN_UNINITIALIZED_AUTOS = YES_AGGRESSIVE;
				GCC_WARN_UNUSED_FUNCTION = YES;
				GCC_WARN_UNUSED_VARIABLE = YES;
				MACOSX_DEPLOYMENT_TARGET = 10.10;
				MTL_ENABLE_DEBUG_INFO = YES;
				ONLY_ACTIVE_ARCH = YES;
				SDKROOT = macosx;
				SWIFT_OPTIMIZATION_LEVEL = "-Onone";
			};
			name = Debug;
		};
		211652FE1B1F155B0061C369 /* Release */ = {
			isa = XCBuildConfiguration;
			buildSettings = {
				ALWAYS_SEARCH_USER_PATHS = NO;
				CLANG_CXX_LANGUAGE_STANDARD = "gnu++0x";
				CLANG_CXX_LIBRARY = "libc++";
				CLANG_ENABLE_MODULES = YES;
				CLANG_ENABLE_OBJC_ARC = YES;
				CLANG_WARN_BOOL_CONVERSION = YES;
				CLANG_WARN_CONSTANT_CONVERSION = YES;
				CLANG_WARN_DIRECT_OBJC_ISA_USAGE = YES_ERROR;
				CLANG_WARN_EMPTY_BODY = YES;
				CLANG_WARN_ENUM_CONVERSION = YES;
				CLANG_WARN_INT_CONVERSION = YES;
				CLANG_WARN_OBJC_ROOT_CLASS = YES_ERROR;
				CLANG_WARN_UNREACHABLE_CODE = YES;
				CLANG_WARN__DUPLICATE_METHOD_MATCH = YES;
				CODE_SIGN_IDENTITY = "-";
				COPY_PHASE_STRIP = NO;
				DEBUG_INFORMATION_FORMAT = "dwarf-with-dsym";
				ENABLE_NS_ASSERTIONS = NO;
				ENABLE_STRICT_OBJC_MSGSEND = YES;
				GCC_C_LANGUAGE_STANDARD = gnu99;
				GCC_NO_COMMON_BLOCKS = YES;
				GCC_WARN_64_TO_32_BIT_CONVERSION = YES;
				GCC_WARN_ABOUT_RETURN_TYPE = YES_ERROR;
				GCC_WARN_UNDECLARED_SELECTOR = YES;
				GCC_WARN_UNINITIALIZED_AUTOS = YES_AGGRESSIVE;
				GCC_WARN_UNUSED_FUNCTION = YES;
				GCC_WARN_UNUSED_VARIABLE = YES;
				MACOSX_DEPLOYMENT_TARGET = 10.10;
				MTL_ENABLE_DEBUG_INFO = NO;
				SDKROOT = macosx;
			};
			name = Release;
		};
		211653001B1F155B0061C369 /* Debug */ = {
			isa = XCBuildConfiguration;
			buildSettings = {
				ASSETCATALOG_COMPILER_APPICON_NAME = AppIcon;
				COMBINE_HIDPI_IMAGES = YES;
				INFOPLIST_FILE = HyperPasswordCreator/Info.plist;
				LD_RUNPATH_SEARCH_PATHS = "$(inherited) @executable_path/../Frameworks";
				PRODUCT_NAME = "$(TARGET_NAME)";
			};
			name = Debug;
		};
		211653011B1F155B0061C369 /* Release */ = {
			isa = XCBuildConfiguration;
			buildSettings = {
				ASSETCATALOG_COMPILER_APPICON_NAME = AppIcon;
				COMBINE_HIDPI_IMAGES = YES;
				INFOPLIST_FILE = HyperPasswordCreator/Info.plist;
				LD_RUNPATH_SEARCH_PATHS = "$(inherited) @executable_path/../Frameworks";
				PRODUCT_NAME = "$(TARGET_NAME)";
			};
			name = Release;
		};
		211653031B1F155B0061C369 /* Debug */ = {
			isa = XCBuildConfiguration;
			buildSettings = {
				BUNDLE_LOADER = "$(TEST_HOST)";
				COMBINE_HIDPI_IMAGES = YES;
				FRAMEWORK_SEARCH_PATHS = (
					"$(DEVELOPER_FRAMEWORKS_DIR)",
					"$(inherited)",
				);
				GCC_PREPROCESSOR_DEFINITIONS = (
					"DEBUG=1",
					"$(inherited)",
				);
				INFOPLIST_FILE = HyperPasswordCreatorTests/Info.plist;
				LD_RUNPATH_SEARCH_PATHS = "$(inherited) @executable_path/../Frameworks @loader_path/../Frameworks";
				PRODUCT_NAME = "$(TARGET_NAME)";
				TEST_HOST = "$(BUILT_PRODUCTS_DIR)/HyperPasswordCreator.app/Contents/MacOS/HyperPasswordCreator";
			};
			name = Debug;
		};
		211653041B1F155B0061C369 /* Release */ = {
			isa = XCBuildConfiguration;
			buildSettings = {
				BUNDLE_LOADER = "$(TEST_HOST)";
				COMBINE_HIDPI_IMAGES = YES;
				FRAMEWORK_SEARCH_PATHS = (
					"$(DEVELOPER_FRAMEWORKS_DIR)",
					"$(inherited)",
				);
				INFOPLIST_FILE = HyperPasswordCreatorTests/Info.plist;
				LD_RUNPATH_SEARCH_PATHS = "$(inherited) @executable_path/../Frameworks @loader_path/../Frameworks";
				PRODUCT_NAME = "$(TARGET_NAME)";
				TEST_HOST = "$(BUILT_PRODUCTS_DIR)/HyperPasswordCreator.app/Contents/MacOS/HyperPasswordCreator";
			};
			name = Release;
		};
/* End XCBuildConfiguration section */

/* Begin XCConfigurationList section */
		211652DE1B1F155B0061C369 /* Build configuration list for PBXProject "HyperPasswordCreator" */ = {
			isa = XCConfigurationList;
			buildConfigurations = (
				211652FD1B1F155B0061C369 /* Debug */,
				211652FE1B1F155B0061C369 /* Release */,
			);
			defaultConfigurationIsVisible = 0;
			defaultConfigurationName = Release;
		};
		211652FF1B1F155B0061C369 /* Build configuration list for PBXNativeTarget "HyperPasswordCreator" */ = {
			isa = XCConfigurationList;
			buildConfigurations = (
				211653001B1F155B0061C369 /* Debug */,
				211653011B1F155B0061C369 /* Release */,
			);
			defaultConfigurationIsVisible = 0;
		};
		211653021B1F155B0061C369 /* Build configuration list for PBXNativeTarget "HyperPasswordCreatorTests" */ = {
			isa = XCConfigurationList;
			buildConfigurations = (
				211653031B1F155B0061C369 /* Debug */,
				211653041B1F155B0061C369 /* Release */,
			);
			defaultConfigurationIsVisible = 0;
		};
/* End XCConfigurationList section */
	};
	rootObject = 211652DB1B1F155B0061C369 /* Project object */;
}
